{
  "pins" : [
    {
      "identity" : "wilhelmskdummygauges",
      "kind" : "remoteSourceControl",
      "location" : "https://github.com/sbender9/WilhelmSKDummyGauges",
      "state" : {
        "revision" : "41c010c21eed94e0eba6fd7afa451b2244007d3c",
        "version" : "0.0.2"
      }
    },
    {
      "identity" : "wilhelmsklibrary",
      "kind" : "remoteSourceControl",
      "location" : "https://github.com/sbender9/WilhelmSKLibrary",
      "state" : {
        "revision" : "0d1287ec36fba936c74c9c6c3fe0a6fba9830772",
        "version" : "0.0.5"
      }
    }
  ],
  "version" : 2
}
