{
  "pins" : [
    {
      "identity" : "wilhelmskdummygauges",
      "kind" : "remoteSourceControl",
      "location" : "https://github.com/sbender9/WilhelmSKDummyGauges",
      "state" : {
        "revision" : "bcc56bee211703d88e2b718dc39b0e20f3247d78",
        "version" : "1.1.2"
      }
    },
    {
      "identity" : "wilhelmsklibrary",
      "kind" : "remoteSourceControl",
      "location" : "https://github.com/sbender9/WilhelmSKLibrary",
      "state" : {
        "revision" : "0d082efdce01f689dc8ad6789f193650f0dbf911",
        "version" : "1.0.2"
      }
    }
  ],
  "version" : 2
}
