{
  "pins" : [
    {
      "identity" : "wilhelmskdummygauges",
      "kind" : "remoteSourceControl",
      "location" : "https://github.com/sbender9/WilhelmSKDummyGauges",
      "state" : {
        "revision" : "bcc56bee211703d88e2b718dc39b0e20f3247d78",
        "version" : "1.1.2"
      }
    },
    {
      "identity" : "wilhelmsklibrary",
      "kind" : "remoteSourceControl",
      "location" : "https://github.com/sbender9/WilhelmSKLibrary",
      "state" : {
        "revision" : "82d02dce13be6686b3cc370199e57351d9192cfb",
        "version" : "1.0.3"
      }
    }
  ],
  "version" : 2
}
